// !$*UTF8*$!
{
	archiveVersion = 1;
	classes = {
	};
	objectVersion = 55;
	objects = {

/* Begin PBXBuildFile section */
		32D37C03C384C7685C45C001 /* Pods_AigensSdkDemo.framework in Frameworks */ = {isa = PBXBuildFile; fileRef = 026BEBFF7BA8C56BCFE86C31 /* Pods_AigensSdkDemo.framework */; };
		64F9CCF5283BC180007CA63A /* AppDelegate.swift in Sources */ = {isa = PBXBuildFile; fileRef = 64F9CCF4283BC180007CA63A /* AppDelegate.swift */; };
		64F9CCF7283BC180007CA63A /* SceneDelegate.swift in Sources */ = {isa = PBXBuildFile; fileRef = 64F9CCF6283BC180007CA63A /* SceneDelegate.swift */; };
		64F9CCF9283BC180007CA63A /* ViewController.swift in Sources */ = {isa = PBXBuildFile; fileRef = 64F9CCF8283BC180007CA63A /* ViewController.swift */; };
		64F9CCFC283BC180007CA63A /* Main.storyboard in Resources */ = {isa = PBXBuildFile; fileRef = 64F9CCFA283BC180007CA63A /* Main.storyboard */; };
		64F9CCFE283BC181007CA63A /* Assets.xcassets in Resources */ = {isa = PBXBuildFile; fileRef = 64F9CCFD283BC181007CA63A /* Assets.xcassets */; };
		64F9CD01283BC181007CA63A /* LaunchScreen.storyboard in Resources */ = {isa = PBXBuildFile; fileRef = 64F9CCFF283BC181007CA63A /* LaunchScreen.storyboard */; };
/* End PBXBuildFile section */

/* Begin PBXFileReference section */
		026BEBFF7BA8C56BCFE86C31 /* Pods_AigensSdkDemo.framework */ = {isa = PBXFileReference; explicitFileType = wrapper.framework; includeInIndex = 0; path = Pods_AigensSdkDemo.framework; sourceTree = BUILT_PRODUCTS_DIR; };
		64F9CCF1283BC180007CA63A /* AigensSdkDemo.app */ = {isa = PBXFileReference; explicitFileType = wrapper.application; includeInIndex = 0; path = AigensSdkDemo.app; sourceTree = BUILT_PRODUCTS_DIR; };
		64F9CCF4283BC180007CA63A /* AppDelegate.swift */ = {isa = PBXFileReference; lastKnownFileType = sourcecode.swift; path = AppDelegate.swift; sourceTree = "<group>"; };
		64F9CCF6283BC180007CA63A /* SceneDelegate.swift */ = {isa = PBXFileReference; lastKnownFileType = sourcecode.swift; path = SceneDelegate.swift; sourceTree = "<group>"; };
		64F9CCF8283BC180007CA63A /* ViewController.swift */ = {isa = PBXFileReference; lastKnownFileType = sourcecode.swift; path = ViewController.swift; sourceTree = "<group>"; };
		64F9CCFB283BC180007CA63A /* Base */ = {isa = PBXFileReference; lastKnownFileType = file.storyboard; name = Base; path = Base.lproj/Main.storyboard; sourceTree = "<group>"; };
		64F9CCFD283BC181007CA63A /* Assets.xcassets */ = {isa = PBXFileReference; lastKnownFileType = folder.assetcatalog; path = Assets.xcassets; sourceTree = "<group>"; };
		64F9CD00283BC181007CA63A /* Base */ = {isa = PBXFileReference; lastKnownFileType = file.storyboard; name = Base; path = Base.lproj/LaunchScreen.storyboard; sourceTree = "<group>"; };
		64F9CD02283BC181007CA63A /* Info.plist */ = {isa = PBXFileReference; lastKnownFileType = text.plist.xml; path = Info.plist; sourceTree = "<group>"; };
		BAE726DE8B6EDBE7EDE00574 /* Pods-AigensSdkDemo.debug.xcconfig */ = {isa = PBXFileReference; includeInIndex = 1; lastKnownFileType = text.xcconfig; name = "Pods-AigensSdkDemo.debug.xcconfig"; path = "Target Support Files/Pods-AigensSdkDemo/Pods-AigensSdkDemo.debug.xcconfig"; sourceTree = "<group>"; };
		E3AC2CE592F42143700CBAAB /* Pods-AigensSdkDemo.release.xcconfig */ = {isa = PBXFileReference; includeInIndex = 1; lastKnownFileType = text.xcconfig; name = "Pods-AigensSdkDemo.release.xcconfig"; path = "Target Support Files/Pods-AigensSdkDemo/Pods-AigensSdkDemo.release.xcconfig"; sourceTree = "<group>"; };
/* End PBXFileReference section */

/* Begin PBXFrameworksBuildPhase section */
		64F9CCEE283BC180007CA63A /* Frameworks */ = {
			isa = PBXFrameworksBuildPhase;
			buildActionMask = 2147483647;
			files = (
				32D37C03C384C7685C45C001 /* Pods_AigensSdkDemo.framework in Frameworks */,
			);
			runOnlyForDeploymentPostprocessing = 0;
		};
/* End PBXFrameworksBuildPhase section */

/* Begin PBXGroup section */
		11E42734DF18C6D6FDE08F7E /* Pods */ = {
			isa = PBXGroup;
			children = (
				BAE726DE8B6EDBE7EDE00574 /* Pods-AigensSdkDemo.debug.xcconfig */,
				E3AC2CE592F42143700CBAAB /* Pods-AigensSdkDemo.release.xcconfig */,
			);
			path = Pods;
			sourceTree = "<group>";
		};
		4335B2355669EC9E943B83E4 /* Frameworks */ = {
			isa = PBXGroup;
			children = (
				026BEBFF7BA8C56BCFE86C31 /* Pods_AigensSdkDemo.framework */,
			);
			name = Frameworks;
			sourceTree = "<group>";
		};
		64F9CCE8283BC180007CA63A = {
			isa = PBXGroup;
			children = (
				64F9CCF3283BC180007CA63A /* AigensSdkDemo */,
				64F9CCF2283BC180007CA63A /* Products */,
				11E42734DF18C6D6FDE08F7E /* Pods */,
				4335B2355669EC9E943B83E4 /* Frameworks */,
			);
			sourceTree = "<group>";
		};
		64F9CCF2283BC180007CA63A /* Products */ = {
			isa = PBXGroup;
			children = (
				64F9CCF1283BC180007CA63A /* AigensSdkDemo.app */,
			);
			name = Products;
			sourceTree = "<group>";
		};
		64F9CCF3283BC180007CA63A /* AigensSdkDemo */ = {
			isa = PBXGroup;
			children = (
				64F9CCF4283BC180007CA63A /* AppDelegate.swift */,
				64F9CCF6283BC180007CA63A /* SceneDelegate.swift */,
				64F9CCF8283BC180007CA63A /* ViewController.swift */,
				64F9CCFA283BC180007CA63A /* Main.storyboard */,
				64F9CCFD283BC181007CA63A /* Assets.xcassets */,
				64F9CCFF283BC181007CA63A /* LaunchScreen.storyboard */,
				64F9CD02283BC181007CA63A /* Info.plist */,
			);
			path = AigensSdkDemo;
			sourceTree = "<group>";
		};
/* End PBXGroup section */

/* Begin PBXNativeTarget section */
		64F9CCF0283BC180007CA63A /* AigensSdkDemo */ = {
			isa = PBXNativeTarget;
			buildConfigurationList = 64F9CD05283BC181007CA63A /* Build configuration list for PBXNativeTarget "AigensSdkDemo" */;
			buildPhases = (
				E79325A4916CC05B8A9E4A27 /* [CP] Check Pods Manifest.lock */,
				64F9CCED283BC180007CA63A /* Sources */,
				64F9CCEE283BC180007CA63A /* Frameworks */,
				64F9CCEF283BC180007CA63A /* Resources */,
				B0B7BF9E11646F7F06734657 /* [CP] Embed Pods Frameworks */,
			);
			buildRules = (
			);
			dependencies = (
			);
			name = AigensSdkDemo;
			productName = AigensSdkDemo;
			productReference = 64F9CCF1283BC180007CA63A /* AigensSdkDemo.app */;
			productType = "com.apple.product-type.application";
		};
/* End PBXNativeTarget section */

/* Begin PBXProject section */
		64F9CCE9283BC180007CA63A /* Project object */ = {
			isa = PBXProject;
			attributes = {
				BuildIndependentTargetsInParallel = 1;
				LastSwiftUpdateCheck = 1340;
				LastUpgradeCheck = 1340;
				TargetAttributes = {
					64F9CCF0283BC180007CA63A = {
						CreatedOnToolsVersion = 13.4;
					};
				};
			};
			buildConfigurationList = 64F9CCEC283BC180007CA63A /* Build configuration list for PBXProject "AigensSdkDemo" */;
			compatibilityVersion = "Xcode 13.0";
			developmentRegion = en;
			hasScannedForEncodings = 0;
			knownRegions = (
				en,
				Base,
			);
			mainGroup = 64F9CCE8283BC180007CA63A;
			productRefGroup = 64F9CCF2283BC180007CA63A /* Products */;
			projectDirPath = "";
			projectRoot = "";
			targets = (
				64F9CCF0283BC180007CA63A /* AigensSdkDemo */,
			);
		};
/* End PBXProject section */

/* Begin PBXResourcesBuildPhase section */
		64F9CCEF283BC180007CA63A /* Resources */ = {
			isa = PBXResourcesBuildPhase;
			buildActionMask = 2147483647;
			files = (
				64F9CD01283BC181007CA63A /* LaunchScreen.storyboard in Resources */,
				64F9CCFE283BC181007CA63A /* Assets.xcassets in Resources */,
				64F9CCFC283BC180007CA63A /* Main.storyboard in Resources */,
			);
			runOnlyForDeploymentPostprocessing = 0;
		};
/* End PBXResourcesBuildPhase section */

/* Begin PBXShellScriptBuildPhase section */
		B0B7BF9E11646F7F06734657 /* [CP] Embed Pods Frameworks */ = {
			isa = PBXShellScriptBuildPhase;
			buildActionMask = 2147483647;
			files = (
			);
			inputFileListPaths = (
				"${PODS_ROOT}/Target Support Files/Pods-AigensSdkDemo/Pods-AigensSdkDemo-frameworks-${CONFIGURATION}-input-files.xcfilelist",
			);
			name = "[CP] Embed Pods Frameworks";
			outputFileListPaths = (
				"${PODS_ROOT}/Target Support Files/Pods-AigensSdkDemo/Pods-AigensSdkDemo-frameworks-${CONFIGURATION}-output-files.xcfilelist",
			);
			runOnlyForDeploymentPostprocessing = 0;
			shellPath = /bin/sh;
			shellScript = "\"${PODS_ROOT}/Target Support Files/Pods-AigensSdkDemo/Pods-AigensSdkDemo-frameworks.sh\"\n";
			showEnvVarsInLog = 0;
		};
		E79325A4916CC05B8A9E4A27 /* [CP] Check Pods Manifest.lock */ = {
			isa = PBXShellScriptBuildPhase;
			buildActionMask = 2147483647;
			files = (
			);
			inputFileListPaths = (
			);
			inputPaths = (
				"${PODS_PODFILE_DIR_PATH}/Podfile.lock",
				"${PODS_ROOT}/Manifest.lock",
			);
			name = "[CP] Check Pods Manifest.lock";
			outputFileListPaths = (
			);
			outputPaths = (
				"$(DERIVED_FILE_DIR)/Pods-AigensSdkDemo-checkManifestLockResult.txt",
			);
			runOnlyForDeploymentPostprocessing = 0;
			shellPath = /bin/sh;
			shellScript = "diff \"${PODS_PODFILE_DIR_PATH}/Podfile.lock\" \"${PODS_ROOT}/Manifest.lock\" > /dev/null\nif [ $? != 0 ] ; then\n    # print error to STDERR\n    echo \"error: The sandbox is not in sync with the Podfile.lock. Run 'pod install' or update your CocoaPods installation.\" >&2\n    exit 1\nfi\n# This output is used by Xcode 'outputs' to avoid re-running this script phase.\necho \"SUCCESS\" > \"${SCRIPT_OUTPUT_FILE_0}\"\n";
			showEnvVarsInLog = 0;
		};
/* End PBXShellScriptBuildPhase section */

/* Begin PBXSourcesBuildPhase section */
		64F9CCED283BC180007CA63A /* Sources */ = {
			isa = PBXSourcesBuildPhase;
			buildActionMask = 2147483647;
			files = (
				64F9CCF9283BC180007CA63A /* ViewController.swift in Sources */,
				64F9CCF5283BC180007CA63A /* AppDelegate.swift in Sources */,
				64F9CCF7283BC180007CA63A /* SceneDelegate.swift in Sources */,
			);
			runOnlyForDeploymentPostprocessing = 0;
		};
/* End PBXSourcesBuildPhase section */

/* Begin PBXVariantGroup section */
		64F9CCFA283BC180007CA63A /* Main.storyboard */ = {
			isa = PBXVariantGroup;
			children = (
				64F9CCFB283BC180007CA63A /* Base */,
			);
			name = Main.storyboard;
			sourceTree = "<group>";
		};
		64F9CCFF283BC181007CA63A /* LaunchScreen.storyboard */ = {
			isa = PBXVariantGroup;
			children = (
				64F9CD00283BC181007CA63A /* Base */,
			);
			name = LaunchScreen.storyboard;
			sourceTree = "<group>";
		};
/* End PBXVariantGroup section */

/* Begin XCBuildConfiguration section */
		64F9CD03283BC181007CA63A /* Debug */ = {
			isa = XCBuildConfiguration;
			buildSettings = {
				ALWAYS_SEARCH_USER_PATHS = NO;
				CLANG_ANALYZER_NONNULL = YES;
				CLANG_ANALYZER_NUMBER_OBJECT_CONVERSION = YES_AGGRESSIVE;
				CLANG_CXX_LANGUAGE_STANDARD = "gnu++17";
				CLANG_ENABLE_MODULES = YES;
				CLANG_ENABLE_OBJC_ARC = YES;
				CLANG_ENABLE_OBJC_WEAK = YES;
				CLANG_WARN_BLOCK_CAPTURE_AUTORELEASING = YES;
				CLANG_WARN_BOOL_CONVERSION = YES;
				CLANG_WARN_COMMA = YES;
				CLANG_WARN_CONSTANT_CONVERSION = YES;
				CLANG_WARN_DEPRECATED_OBJC_IMPLEMENTATIONS = YES;
				CLANG_WARN_DIRECT_OBJC_ISA_USAGE = YES_ERROR;
				CLANG_WARN_DOCUMENTATION_COMMENTS = YES;
				CLANG_WARN_EMPTY_BODY = YES;
				CLANG_WARN_ENUM_CONVERSION = YES;
				CLANG_WARN_INFINITE_RECURSION = YES;
				CLANG_WARN_INT_CONVERSION = YES;
				CLANG_WARN_NON_LITERAL_NULL_CONVERSION = YES;
				CLANG_WARN_OBJC_IMPLICIT_RETAIN_SELF = YES;
				CLANG_WARN_OBJC_LITERAL_CONVERSION = YES;
				CLANG_WARN_OBJC_ROOT_CLASS = YES_ERROR;
				CLANG_WARN_QUOTED_INCLUDE_IN_FRAMEWORK_HEADER = YES;
				CLANG_WARN_RANGE_LOOP_ANALYSIS = YES;
				CLANG_WARN_STRICT_PROTOTYPES = YES;
				CLANG_WARN_SUSPICIOUS_MOVE = YES;
				CLANG_WARN_UNGUARDED_AVAILABILITY = YES_AGGRESSIVE;
				CLANG_WARN_UNREACHABLE_CODE = YES;
				CLANG_WARN__DUPLICATE_METHOD_MATCH = YES;
				COPY_PHASE_STRIP = NO;
				DEBUG_INFORMATION_FORMAT = dwarf;
				ENABLE_STRICT_OBJC_MSGSEND = YES;
				ENABLE_TESTABILITY = YES;
				GCC_C_LANGUAGE_STANDARD = gnu11;
				GCC_DYNAMIC_NO_PIC = NO;
				GCC_NO_COMMON_BLOCKS = YES;
				GCC_OPTIMIZATION_LEVEL = 0;
				GCC_PREPROCESSOR_DEFINITIONS = (
					"DEBUG=1",
					"$(inherited)",
				);
				GCC_WARN_64_TO_32_BIT_CONVERSION = YES;
				GCC_WARN_ABOUT_RETURN_TYPE = YES_ERROR;
				GCC_WARN_UNDECLARED_SELECTOR = YES;
				GCC_WARN_UNINITIALIZED_AUTOS = YES_AGGRESSIVE;
				GCC_WARN_UNUSED_FUNCTION = YES;
				GCC_WARN_UNUSED_VARIABLE = YES;
				IPHONEOS_DEPLOYMENT_TARGET = 15.5;
				MTL_ENABLE_DEBUG_INFO = INCLUDE_SOURCE;
				MTL_FAST_MATH = YES;
				ONLY_ACTIVE_ARCH = YES;
				SDKROOT = iphoneos;
				SWIFT_ACTIVE_COMPILATION_CONDITIONS = DEBUG;
				SWIFT_OPTIMIZATION_LEVEL = "-Onone";
			};
			name = Debug;
		};
		64F9CD04283BC181007CA63A /* Release */ = {
			isa = XCBuildConfiguration;
			buildSettings = {
				ALWAYS_SEARCH_USER_PATHS = NO;
				CLANG_ANALYZER_NONNULL = YES;
				CLANG_ANALYZER_NUMBER_OBJECT_CONVERSION = YES_AGGRESSIVE;
				CLANG_CXX_LANGUAGE_STANDARD = "gnu++17";
				CLANG_ENABLE_MODULES = YES;
				CLANG_ENABLE_OBJC_ARC = YES;
				CLANG_ENABLE_OBJC_WEAK = YES;
				CLANG_WARN_BLOCK_CAPTURE_AUTORELEASING = YES;
				CLANG_WARN_BOOL_CONVERSION = YES;
				CLANG_WARN_COMMA = YES;
				CLANG_WARN_CONSTANT_CONVERSION = YES;
				CLANG_WARN_DEPRECATED_OBJC_IMPLEMENTATIONS = YES;
				CLANG_WARN_DIRECT_OBJC_ISA_USAGE = YES_ERROR;
				CLANG_WARN_DOCUMENTATION_COMMENTS = YES;
				CLANG_WARN_EMPTY_BODY = YES;
				CLANG_WARN_ENUM_CONVERSION = YES;
				CLANG_WARN_INFINITE_RECURSION = YES;
				CLANG_WARN_INT_CONVERSION = YES;
				CLANG_WARN_NON_LITERAL_NULL_CONVERSION = YES;
				CLANG_WARN_OBJC_IMPLICIT_RETAIN_SELF = YES;
				CLANG_WARN_OBJC_LITERAL_CONVERSION = YES;
				CLANG_WARN_OBJC_ROOT_CLASS = YES_ERROR;
				CLANG_WARN_QUOTED_INCLUDE_IN_FRAMEWORK_HEADER = YES;
				CLANG_WARN_RANGE_LOOP_ANALYSIS = YES;
				CLANG_WARN_STRICT_PROTOTYPES = YES;
				CLANG_WARN_SUSPICIOUS_MOVE = YES;
				CLANG_WARN_UNGUARDED_AVAILABILITY = YES_AGGRESSIVE;
				CLANG_WARN_UNREACHABLE_CODE = YES;
				CLANG_WARN__DUPLICATE_METHOD_MATCH = YES;
				COPY_PHASE_STRIP = NO;
				DEBUG_INFORMATION_FORMAT = "dwarf-with-dsym";
				ENABLE_NS_ASSERTIONS = NO;
				ENABLE_STRICT_OBJC_MSGSEND = YES;
				GCC_C_LANGUAGE_STANDARD = gnu11;
				GCC_NO_COMMON_BLOCKS = YES;
				GCC_WARN_64_TO_32_BIT_CONVERSION = YES;
				GCC_WARN_ABOUT_RETURN_TYPE = YES_ERROR;
				GCC_WARN_UNDECLARED_SELECTOR = YES;
				GCC_WARN_UNINITIALIZED_AUTOS = YES_AGGRESSIVE;
				GCC_WARN_UNUSED_FUNCTION = YES;
				GCC_WARN_UNUSED_VARIABLE = YES;
				IPHONEOS_DEPLOYMENT_TARGET = 15.5;
				MTL_ENABLE_DEBUG_INFO = NO;
				MTL_FAST_MATH = YES;
				SDKROOT = iphoneos;
				SWIFT_COMPILATION_MODE = wholemodule;
				SWIFT_OPTIMIZATION_LEVEL = "-O";
				VALIDATE_PRODUCT = YES;
			};
			name = Release;
		};
		64F9CD06283BC181007CA63A /* Debug */ = {
			isa = XCBuildConfiguration;
			baseConfigurationReference = BAE726DE8B6EDBE7EDE00574 /* Pods-AigensSdkDemo.debug.xcconfig */;
			buildSettings = {
				ASSETCATALOG_COMPILER_APPICON_NAME = AppIcon;
				ASSETCATALOG_COMPILER_GLOBAL_ACCENT_COLOR_NAME = AccentColor;
				CODE_SIGN_STYLE = Automatic;
				CURRENT_PROJECT_VERSION = 1;
				GENERATE_INFOPLIST_FILE = YES;
				INFOPLIST_FILE = AigensSdkDemo/Info.plist;
				INFOPLIST_KEY_UIApplicationSupportsIndirectInputEvents = YES;
				INFOPLIST_KEY_UILaunchStoryboardName = LaunchScreen;
				INFOPLIST_KEY_UIMainStoryboardFile = Main;
				INFOPLIST_KEY_UISupportedInterfaceOrientations = UIInterfaceOrientationPortrait;
				INFOPLIST_KEY_UISupportedInterfaceOrientations_iPad = "UIInterfaceOrientationPortrait UIInterfaceOrientationPortraitUpsideDown UIInterfaceOrientationLandscapeLeft UIInterfaceOrientationLandscapeRight";
				INFOPLIST_KEY_UISupportedInterfaceOrientations_iPhone = "UIInterfaceOrientationPortrait UIInterfaceOrientationLandscapeLeft UIInterfaceOrientationLandscapeRight";
				LD_RUNPATH_SEARCH_PATHS = (
					"$(inherited)",
					"@executable_path/Frameworks",
				);
				MARKETING_VERSION = 1.0;
				PRODUCT_BUNDLE_IDENTIFIER = com.aigens.sdk.demo.AigensSdkDemo;
				PRODUCT_NAME = "$(TARGET_NAME)";
				SWIFT_EMIT_LOC_STRINGS = YES;
				SWIFT_VERSION = 5.0;
				TARGETED_DEVICE_FAMILY = 1;
			};
			name = Debug;
		};
		64F9CD07283BC181007CA63A /* Release */ = {
			isa = XCBuildConfiguration;
			baseConfigurationReference = E3AC2CE592F42143700CBAAB /* Pods-AigensSdkDemo.release.xcconfig */;
			buildSettings = {
				ASSETCATALOG_COMPILER_APPICON_NAME = AppIcon;
				ASSETCATALOG_COMPILER_GLOBAL_ACCENT_COLOR_NAME = AccentColor;
				CODE_SIGN_STYLE = Automatic;
				CURRENT_PROJECT_VERSION = 1;
				GENERATE_INFOPLIST_FILE = YES;
				INFOPLIST_FILE = AigensSdkDemo/Info.plist;
				INFOPLIST_KEY_UIApplicationSupportsIndirectInputEvents = YES;
				INFOPLIST_KEY_UILaunchStoryboardName = LaunchScreen;
				INFOPLIST_KEY_UIMainStoryboardFile = Main;
				INFOPLIST_KEY_UISupportedInterfaceOrientations = UIInterfaceOrientationPortrait;
				INFOPLIST_KEY_UISupportedInterfaceOrientations_iPad = "UIInterfaceOrientationPortrait UIInterfaceOrientationPortraitUpsideDown UIInterfaceOrientationLandscapeLeft UIInterfaceOrientationLandscapeRight";
				INFOPLIST_KEY_UISupportedInterfaceOrientations_iPhone = "UIInterfaceOrientationPortrait UIInterfaceOrientationLandscapeLeft UIInterfaceOrientationLandscapeRight";
				LD_RUNPATH_SEARCH_PATHS = (
					"$(inherited)",
					"@executable_path/Frameworks",
				);
				MARKETING_VERSION = 1.0;
				PRODUCT_BUNDLE_IDENTIFIER = com.aigens.sdk.demo.AigensSdkDemo;
				PRODUCT_NAME = "$(TARGET_NAME)";
				SWIFT_EMIT_LOC_STRINGS = YES;
				SWIFT_VERSION = 5.0;
				TARGETED_DEVICE_FAMILY = 1;
			};
			name = Release;
		};
/* End XCBuildConfiguration section */

/* Begin XCConfigurationList section */
		64F9CCEC283BC180007CA63A /* Build configuration list for PBXProject "AigensSdkDemo" */ = {
			isa = XCConfigurationList;
			buildConfigurations = (
				64F9CD03283BC181007CA63A /* Debug */,
				64F9CD04283BC181007CA63A /* Release */,
			);
			defaultConfigurationIsVisible = 0;
			defaultConfigurationName = Release;
		};
		64F9CD05283BC181007CA63A /* Build configuration list for PBXNativeTarget "AigensSdkDemo" */ = {
			isa = XCConfigurationList;
			buildConfigurations = (
				64F9CD06283BC181007CA63A /* Debug */,
				64F9CD07283BC181007CA63A /* Release */,
			);
			defaultConfigurationIsVisible = 0;
			defaultConfigurationName = Release;
		};
/* End XCConfigurationList section */
	};
	rootObject = 64F9CCE9283BC180007CA63A /* Project object */;
}
